// !$*UTF8*$!
{
	archiveVersion = 1;
	classes = {
	};
	objectVersion = 56;
	objects = {

/* Begin PBXBuildFile section */
		082A0DAEEE3F35DBA5550160 /* Pods_Second2chool.framework in Frameworks */ = {isa = PBXBuildFile; fileRef = 852C43F76DB93873EB74C8A3 /* Pods_Second2chool.framework */; };
		403ADD602A02575200A7B53D /* HomeViewController.swift in Sources */ = {isa = PBXBuildFile; fileRef = 403ADD5F2A02575200A7B53D /* HomeViewController.swift */; };
		40C524BE29DD575A00A1BE4F /* FreeBoardModel.swift in Sources */ = {isa = PBXBuildFile; fileRef = 40C524BD29DD575A00A1BE4F /* FreeBoardModel.swift */; };
		40CAF8AA2A00F7DB00B4252F /* SignUpOneViewController.swift in Sources */ = {isa = PBXBuildFile; fileRef = 40CAF8A82A00F7DB00B4252F /* SignUpOneViewController.swift */; };
		40CAF8AB2A00F7DB00B4252F /* SignUpTwoViewController.swift in Sources */ = {isa = PBXBuildFile; fileRef = 40CAF8A92A00F7DB00B4252F /* SignUpTwoViewController.swift */; };
		6B24281B29A31DF5003EFB48 /* AppDelegate.swift in Sources */ = {isa = PBXBuildFile; fileRef = 6B24281A29A31DF5003EFB48 /* AppDelegate.swift */; };
		6B24281D29A31DF5003EFB48 /* SceneDelegate.swift in Sources */ = {isa = PBXBuildFile; fileRef = 6B24281C29A31DF5003EFB48 /* SceneDelegate.swift */; };
		6B24281F29A31DF5003EFB48 /* ViewController.swift in Sources */ = {isa = PBXBuildFile; fileRef = 6B24281E29A31DF5003EFB48 /* ViewController.swift */; };
		6B24282229A31DF5003EFB48 /* Main.storyboard in Resources */ = {isa = PBXBuildFile; fileRef = 6B24282029A31DF5003EFB48 /* Main.storyboard */; };
		6B24282429A31DF7003EFB48 /* Assets.xcassets in Resources */ = {isa = PBXBuildFile; fileRef = 6B24282329A31DF7003EFB48 /* Assets.xcassets */; };
		6B24282729A31DF7003EFB48 /* LaunchScreen.storyboard in Resources */ = {isa = PBXBuildFile; fileRef = 6B24282529A31DF7003EFB48 /* LaunchScreen.storyboard */; };
		6B24283229A346E4003EFB48 /* NanumGothic-ExtraBold.ttf in Resources */ = {isa = PBXBuildFile; fileRef = 6B24282F29A346E4003EFB48 /* NanumGothic-ExtraBold.ttf */; };
		6B24283329A346E4003EFB48 /* NanumGothic-Regular.ttf in Resources */ = {isa = PBXBuildFile; fileRef = 6B24283029A346E4003EFB48 /* NanumGothic-Regular.ttf */; };
		6B24283429A346E4003EFB48 /* NanumGothic-Bold.ttf in Resources */ = {isa = PBXBuildFile; fileRef = 6B24283129A346E4003EFB48 /* NanumGothic-Bold.ttf */; };
		6B24283629A4B9FC003EFB48 /* LilitaOne-Regular.ttf in Resources */ = {isa = PBXBuildFile; fileRef = 6B24283529A4B9FC003EFB48 /* LilitaOne-Regular.ttf */; };
		6B5E3C8E2A13F88A00E52E41 /* FreeBoardShowViewController.swift in Sources */ = {isa = PBXBuildFile; fileRef = 6B5E3C8D2A13F88A00E52E41 /* FreeBoardShowViewController.swift */; };
		6B60F59D2A707685007FAFEF /* ImageManager.swift in Sources */ = {isa = PBXBuildFile; fileRef = 6B60F59C2A707685007FAFEF /* ImageManager.swift */; };
		6B60F5A02A7079DC007FAFEF /* ImageData.swift in Sources */ = {isa = PBXBuildFile; fileRef = 6B60F59F2A7079DC007FAFEF /* ImageData.swift */; };
		6B60F5A32A7091AE007FAFEF /* CommentCell.swift in Sources */ = {isa = PBXBuildFile; fileRef = 6B60F5A12A7091AE007FAFEF /* CommentCell.swift */; };
		6B60F5A42A7091AE007FAFEF /* CommentCell.xib in Resources */ = {isa = PBXBuildFile; fileRef = 6B60F5A22A7091AE007FAFEF /* CommentCell.xib */; };
		6B60F5A72A7091D6007FAFEF /* CommentReplyCell.swift in Sources */ = {isa = PBXBuildFile; fileRef = 6B60F5A52A7091D6007FAFEF /* CommentReplyCell.swift */; };
		6B60F5A82A7091D6007FAFEF /* CommentReplyCell.xib in Resources */ = {isa = PBXBuildFile; fileRef = 6B60F5A62A7091D6007FAFEF /* CommentReplyCell.xib */; };
		6B75FC2C29BF737D00090B76 /* BoardCell.swift in Sources */ = {isa = PBXBuildFile; fileRef = 6B75FC2A29BF737D00090B76 /* BoardCell.swift */; };
		6B75FC2D29BF737D00090B76 /* BoardCell.xib in Resources */ = {isa = PBXBuildFile; fileRef = 6B75FC2B29BF737D00090B76 /* BoardCell.xib */; };
		6B75FC2F29BF783100090B76 /* Lato-Bold.ttf in Resources */ = {isa = PBXBuildFile; fileRef = 6B75FC2E29BF783100090B76 /* Lato-Bold.ttf */; };
		6B75FC3329BFA4C100090B76 /* PostViewController.swift in Sources */ = {isa = PBXBuildFile; fileRef = 6B75FC3229BFA4C000090B76 /* PostViewController.swift */; };
		6B7D2B302ACDDE6500DA3670 /* ImagePresignedData.swift in Sources */ = {isa = PBXBuildFile; fileRef = 6B7D2B2F2ACDDE6500DA3670 /* ImagePresignedData.swift */; };
		6BB4FADE29FD078A0044EAD2 /* LoginData.swift in Sources */ = {isa = PBXBuildFile; fileRef = 6BB4FADD29FD078A0044EAD2 /* LoginData.swift */; };
		6BB4FAE029FD0BC60044EAD2 /* LoginManager.swift in Sources */ = {isa = PBXBuildFile; fileRef = 6BB4FADF29FD0BC60044EAD2 /* LoginManager.swift */; };
		6BC3E22829BF6EFF00228C5D /* FreeBoardViewController.swift in Sources */ = {isa = PBXBuildFile; fileRef = 6BC3E22729BF6EFF00228C5D /* FreeBoardViewController.swift */; };
		6BC3E22A29BF70C000228C5D /* Message.swift in Sources */ = {isa = PBXBuildFile; fileRef = 6BC3E22929BF70C000228C5D /* Message.swift */; };
		6BD2B47529DC870D00CFCB0A /* FreeBoardManager.swift in Sources */ = {isa = PBXBuildFile; fileRef = 6BD2B47429DC870D00CFCB0A /* FreeBoardManager.swift */; };
		6BD2B47929DCAC7200CFCB0A /* FreeBoardData.swift in Sources */ = {isa = PBXBuildFile; fileRef = 6BD2B47829DCAC7200CFCB0A /* FreeBoardData.swift */; };
		6BF2951429BCD1B7008097F0 /* MeriendaOne-Regular.ttf in Resources */ = {isa = PBXBuildFile; fileRef = 6BF2951329BCD1B7008097F0 /* MeriendaOne-Regular.ttf */; };
/* End PBXBuildFile section */

/* Begin PBXFileReference section */
		403ADD5F2A02575200A7B53D /* HomeViewController.swift */ = {isa = PBXFileReference; lastKnownFileType = sourcecode.swift; path = HomeViewController.swift; sourceTree = "<group>"; };
		40C524BD29DD575A00A1BE4F /* FreeBoardModel.swift */ = {isa = PBXFileReference; lastKnownFileType = sourcecode.swift; path = FreeBoardModel.swift; sourceTree = "<group>"; };
		40CAF8A82A00F7DB00B4252F /* SignUpOneViewController.swift */ = {isa = PBXFileReference; fileEncoding = 4; lastKnownFileType = sourcecode.swift; path = SignUpOneViewController.swift; sourceTree = SOURCE_ROOT; };
		40CAF8A92A00F7DB00B4252F /* SignUpTwoViewController.swift */ = {isa = PBXFileReference; fileEncoding = 4; lastKnownFileType = sourcecode.swift; path = SignUpTwoViewController.swift; sourceTree = SOURCE_ROOT; };
		54D6015C180750BAA238FAAA /* Pods-Second2chool.release.xcconfig */ = {isa = PBXFileReference; includeInIndex = 1; lastKnownFileType = text.xcconfig; name = "Pods-Second2chool.release.xcconfig"; path = "Target Support Files/Pods-Second2chool/Pods-Second2chool.release.xcconfig"; sourceTree = "<group>"; };
		626FC5C2EEABD015D95D2849 /* Pods-Second2chool.debug.xcconfig */ = {isa = PBXFileReference; includeInIndex = 1; lastKnownFileType = text.xcconfig; name = "Pods-Second2chool.debug.xcconfig"; path = "Target Support Files/Pods-Second2chool/Pods-Second2chool.debug.xcconfig"; sourceTree = "<group>"; };
		6B24281729A31DF5003EFB48 /* Second2chool.app */ = {isa = PBXFileReference; explicitFileType = wrapper.application; includeInIndex = 0; path = Second2chool.app; sourceTree = BUILT_PRODUCTS_DIR; };
		6B24281A29A31DF5003EFB48 /* AppDelegate.swift */ = {isa = PBXFileReference; lastKnownFileType = sourcecode.swift; path = AppDelegate.swift; sourceTree = "<group>"; };
		6B24281C29A31DF5003EFB48 /* SceneDelegate.swift */ = {isa = PBXFileReference; lastKnownFileType = sourcecode.swift; path = SceneDelegate.swift; sourceTree = "<group>"; };
		6B24281E29A31DF5003EFB48 /* ViewController.swift */ = {isa = PBXFileReference; lastKnownFileType = sourcecode.swift; path = ViewController.swift; sourceTree = "<group>"; };
		6B24282129A31DF5003EFB48 /* Base */ = {isa = PBXFileReference; lastKnownFileType = file.storyboard; name = Base; path = Base.lproj/Main.storyboard; sourceTree = "<group>"; };
		6B24282329A31DF7003EFB48 /* Assets.xcassets */ = {isa = PBXFileReference; lastKnownFileType = folder.assetcatalog; path = Assets.xcassets; sourceTree = "<group>"; };
		6B24282629A31DF7003EFB48 /* Base */ = {isa = PBXFileReference; lastKnownFileType = file.storyboard; name = Base; path = Base.lproj/LaunchScreen.storyboard; sourceTree = "<group>"; };
		6B24282829A31DF7003EFB48 /* Info.plist */ = {isa = PBXFileReference; lastKnownFileType = text.plist.xml; path = Info.plist; sourceTree = "<group>"; };
		6B24282F29A346E4003EFB48 /* NanumGothic-ExtraBold.ttf */ = {isa = PBXFileReference; lastKnownFileType = file; path = "NanumGothic-ExtraBold.ttf"; sourceTree = "<group>"; };
		6B24283029A346E4003EFB48 /* NanumGothic-Regular.ttf */ = {isa = PBXFileReference; lastKnownFileType = file; path = "NanumGothic-Regular.ttf"; sourceTree = "<group>"; };
		6B24283129A346E4003EFB48 /* NanumGothic-Bold.ttf */ = {isa = PBXFileReference; lastKnownFileType = file; path = "NanumGothic-Bold.ttf"; sourceTree = "<group>"; };
		6B24283529A4B9FC003EFB48 /* LilitaOne-Regular.ttf */ = {isa = PBXFileReference; lastKnownFileType = file; path = "LilitaOne-Regular.ttf"; sourceTree = "<group>"; };
		6B5E3C8D2A13F88A00E52E41 /* FreeBoardShowViewController.swift */ = {isa = PBXFileReference; lastKnownFileType = sourcecode.swift; path = FreeBoardShowViewController.swift; sourceTree = "<group>"; };
		6B60F59C2A707685007FAFEF /* ImageManager.swift */ = {isa = PBXFileReference; lastKnownFileType = sourcecode.swift; path = ImageManager.swift; sourceTree = "<group>"; };
		6B60F59F2A7079DC007FAFEF /* ImageData.swift */ = {isa = PBXFileReference; lastKnownFileType = sourcecode.swift; path = ImageData.swift; sourceTree = "<group>"; };
		6B60F5A12A7091AE007FAFEF /* CommentCell.swift */ = {isa = PBXFileReference; lastKnownFileType = sourcecode.swift; path = CommentCell.swift; sourceTree = "<group>"; };
		6B60F5A22A7091AE007FAFEF /* CommentCell.xib */ = {isa = PBXFileReference; lastKnownFileType = file.xib; path = CommentCell.xib; sourceTree = "<group>"; };
		6B60F5A52A7091D6007FAFEF /* CommentReplyCell.swift */ = {isa = PBXFileReference; lastKnownFileType = sourcecode.swift; path = CommentReplyCell.swift; sourceTree = "<group>"; };
		6B60F5A62A7091D6007FAFEF /* CommentReplyCell.xib */ = {isa = PBXFileReference; lastKnownFileType = file.xib; path = CommentReplyCell.xib; sourceTree = "<group>"; };
		6B75FC2A29BF737D00090B76 /* BoardCell.swift */ = {isa = PBXFileReference; lastKnownFileType = sourcecode.swift; path = BoardCell.swift; sourceTree = "<group>"; };
		6B75FC2B29BF737D00090B76 /* BoardCell.xib */ = {isa = PBXFileReference; lastKnownFileType = file.xib; path = BoardCell.xib; sourceTree = "<group>"; };
		6B75FC2E29BF783100090B76 /* Lato-Bold.ttf */ = {isa = PBXFileReference; lastKnownFileType = file; path = "Lato-Bold.ttf"; sourceTree = "<group>"; };
		6B75FC3229BFA4C000090B76 /* PostViewController.swift */ = {isa = PBXFileReference; lastKnownFileType = sourcecode.swift; path = PostViewController.swift; sourceTree = "<group>"; };
		6B7D2B2F2ACDDE6500DA3670 /* ImagePresignedData.swift */ = {isa = PBXFileReference; lastKnownFileType = sourcecode.swift; path = ImagePresignedData.swift; sourceTree = "<group>"; };
		6BB4FADD29FD078A0044EAD2 /* LoginData.swift */ = {isa = PBXFileReference; lastKnownFileType = sourcecode.swift; path = LoginData.swift; sourceTree = "<group>"; };
		6BB4FADF29FD0BC60044EAD2 /* LoginManager.swift */ = {isa = PBXFileReference; lastKnownFileType = sourcecode.swift; path = LoginManager.swift; sourceTree = "<group>"; };
		6BC3E22729BF6EFF00228C5D /* FreeBoardViewController.swift */ = {isa = PBXFileReference; lastKnownFileType = sourcecode.swift; path = FreeBoardViewController.swift; sourceTree = "<group>"; };
		6BC3E22929BF70C000228C5D /* Message.swift */ = {isa = PBXFileReference; lastKnownFileType = sourcecode.swift; path = Message.swift; sourceTree = "<group>"; };
		6BD2B47429DC870D00CFCB0A /* FreeBoardManager.swift */ = {isa = PBXFileReference; lastKnownFileType = sourcecode.swift; path = FreeBoardManager.swift; sourceTree = "<group>"; };
		6BD2B47829DCAC7200CFCB0A /* FreeBoardData.swift */ = {isa = PBXFileReference; lastKnownFileType = sourcecode.swift; path = FreeBoardData.swift; sourceTree = "<group>"; };
		6BF2951329BCD1B7008097F0 /* MeriendaOne-Regular.ttf */ = {isa = PBXFileReference; lastKnownFileType = file; path = "MeriendaOne-Regular.ttf"; sourceTree = "<group>"; };
		852C43F76DB93873EB74C8A3 /* Pods_Second2chool.framework */ = {isa = PBXFileReference; explicitFileType = wrapper.framework; includeInIndex = 0; path = Pods_Second2chool.framework; sourceTree = BUILT_PRODUCTS_DIR; };
/* End PBXFileReference section */

/* Begin PBXFrameworksBuildPhase section */
		6B24281429A31DF5003EFB48 /* Frameworks */ = {
			isa = PBXFrameworksBuildPhase;
			buildActionMask = 2147483647;
			files = (
				082A0DAEEE3F35DBA5550160 /* Pods_Second2chool.framework in Frameworks */,
			);
			runOnlyForDeploymentPostprocessing = 0;
		};
/* End PBXFrameworksBuildPhase section */

/* Begin PBXGroup section */
		5D9B71F0DD29D6DE3FD984FF /* Frameworks */ = {
			isa = PBXGroup;
			children = (
				852C43F76DB93873EB74C8A3 /* Pods_Second2chool.framework */,
			);
			name = Frameworks;
			sourceTree = "<group>";
		};
		69B0DA4630005C71DBAF3DF5 /* Pods */ = {
			isa = PBXGroup;
			children = (
				626FC5C2EEABD015D95D2849 /* Pods-Second2chool.debug.xcconfig */,
				54D6015C180750BAA238FAAA /* Pods-Second2chool.release.xcconfig */,
			);
			path = Pods;
			sourceTree = "<group>";
		};
		6B24280E29A31DF5003EFB48 = {
			isa = PBXGroup;
			children = (
				6B75FC3229BFA4C000090B76 /* PostViewController.swift */,
				6B75FC2A29BF737D00090B76 /* BoardCell.swift */,
				6B75FC2B29BF737D00090B76 /* BoardCell.xib */,
				6B60F5A12A7091AE007FAFEF /* CommentCell.swift */,
				6B60F5A22A7091AE007FAFEF /* CommentCell.xib */,
				6B60F5A52A7091D6007FAFEF /* CommentReplyCell.swift */,
				6B60F5A62A7091D6007FAFEF /* CommentReplyCell.xib */,
				6B24281929A31DF5003EFB48 /* Second2chool */,
				6B24281829A31DF5003EFB48 /* Products */,
				69B0DA4630005C71DBAF3DF5 /* Pods */,
				5D9B71F0DD29D6DE3FD984FF /* Frameworks */,
			);
			sourceTree = "<group>";
		};
		6B24281829A31DF5003EFB48 /* Products */ = {
			isa = PBXGroup;
			children = (
				6B24281729A31DF5003EFB48 /* Second2chool.app */,
			);
			name = Products;
			sourceTree = "<group>";
		};
		6B24281929A31DF5003EFB48 /* Second2chool */ = {
			isa = PBXGroup;
			children = (
				6B24282E29A346A3003EFB48 /* Fonts */,
				6B24281A29A31DF5003EFB48 /* AppDelegate.swift */,
				6B24281C29A31DF5003EFB48 /* SceneDelegate.swift */,
				6BD2B47229DC85C200CFCB0A /* View */,
				6BD2B47029DC856F00CFCB0A /* Controllers */,
				6BD2B47329DC85F700CFCB0A /* Model */,
				6BD2B47129DC859300CFCB0A /* Supporting Files */,
				6B24282829A31DF7003EFB48 /* Info.plist */,
				6BC3E22929BF70C000228C5D /* Message.swift */,
			);
			path = Second2chool;
			sourceTree = "<group>";
		};
		6B24282E29A346A3003EFB48 /* Fonts */ = {
			isa = PBXGroup;
			children = (
				6BF2951329BCD1B7008097F0 /* MeriendaOne-Regular.ttf */,
				6B24283529A4B9FC003EFB48 /* LilitaOne-Regular.ttf */,
				6B24283029A346E4003EFB48 /* NanumGothic-Regular.ttf */,
				6B24283129A346E4003EFB48 /* NanumGothic-Bold.ttf */,
				6B24282F29A346E4003EFB48 /* NanumGothic-ExtraBold.ttf */,
				6B75FC2E29BF783100090B76 /* Lato-Bold.ttf */,
			);
			path = Fonts;
			sourceTree = "<group>";
		};
		6BD2B47029DC856F00CFCB0A /* Controllers */ = {
			isa = PBXGroup;
			children = (
				6B24281E29A31DF5003EFB48 /* ViewController.swift */,
				40CAF8A82A00F7DB00B4252F /* SignUpOneViewController.swift */,
				40CAF8A92A00F7DB00B4252F /* SignUpTwoViewController.swift */,
				403ADD5F2A02575200A7B53D /* HomeViewController.swift */,
				6BC3E22729BF6EFF00228C5D /* FreeBoardViewController.swift */,
				6B5E3C8D2A13F88A00E52E41 /* FreeBoardShowViewController.swift */,
			);
			path = Controllers;
			sourceTree = "<group>";
		};
		6BD2B47129DC859300CFCB0A /* Supporting Files */ = {
			isa = PBXGroup;
			children = (
				6B24282329A31DF7003EFB48 /* Assets.xcassets */,
				6B24282529A31DF7003EFB48 /* LaunchScreen.storyboard */,
			);
			path = "Supporting Files";
			sourceTree = "<group>";
		};
		6BD2B47229DC85C200CFCB0A /* View */ = {
			isa = PBXGroup;
			children = (
				6B24282029A31DF5003EFB48 /* Main.storyboard */,
			);
			path = View;
			sourceTree = "<group>";
		};
		6BD2B47329DC85F700CFCB0A /* Model */ = {
			isa = PBXGroup;
			children = (
				6BD2B47429DC870D00CFCB0A /* FreeBoardManager.swift */,
				6BD2B47829DCAC7200CFCB0A /* FreeBoardData.swift */,
				6B7D2B2F2ACDDE6500DA3670 /* ImagePresignedData.swift */,
				40C524BD29DD575A00A1BE4F /* FreeBoardModel.swift */,
				6BB4FADF29FD0BC60044EAD2 /* LoginManager.swift */,
				6BB4FADD29FD078A0044EAD2 /* LoginData.swift */,
				6B60F59C2A707685007FAFEF /* ImageManager.swift */,
				6B60F59F2A7079DC007FAFEF /* ImageData.swift */,
			);
			path = Model;
			sourceTree = "<group>";
		};
/* End PBXGroup section */

/* Begin PBXNativeTarget section */
		6B24281629A31DF5003EFB48 /* Second2chool */ = {
			isa = PBXNativeTarget;
			buildConfigurationList = 6B24282B29A31DF7003EFB48 /* Build configuration list for PBXNativeTarget "Second2chool" */;
			buildPhases = (
				A1FA50CC15DF63788460AA64 /* [CP] Check Pods Manifest.lock */,
				6B24281329A31DF5003EFB48 /* Sources */,
				6B24281429A31DF5003EFB48 /* Frameworks */,
				6B24281529A31DF5003EFB48 /* Resources */,
				12FDD13576F2619043E3AE5E /* [CP] Embed Pods Frameworks */,
			);
			buildRules = (
			);
			dependencies = (
			);
			name = Second2chool;
			productName = Second2chool;
			productReference = 6B24281729A31DF5003EFB48 /* Second2chool.app */;
			productType = "com.apple.product-type.application";
		};
/* End PBXNativeTarget section */

/* Begin PBXProject section */
		6B24280F29A31DF5003EFB48 /* Project object */ = {
			isa = PBXProject;
			attributes = {
				BuildIndependentTargetsInParallel = 1;
				LastSwiftUpdateCheck = 1420;
				LastUpgradeCheck = 1420;
				TargetAttributes = {
					6B24281629A31DF5003EFB48 = {
						CreatedOnToolsVersion = 14.2;
					};
				};
			};
			buildConfigurationList = 6B24281229A31DF5003EFB48 /* Build configuration list for PBXProject "Second2chool" */;
			compatibilityVersion = "Xcode 14.0";
			developmentRegion = en;
			hasScannedForEncodings = 0;
			knownRegions = (
				en,
				Base,
			);
			mainGroup = 6B24280E29A31DF5003EFB48;
			productRefGroup = 6B24281829A31DF5003EFB48 /* Products */;
			projectDirPath = "";
			projectRoot = "";
			targets = (
				6B24281629A31DF5003EFB48 /* Second2chool */,
			);
		};
/* End PBXProject section */

/* Begin PBXResourcesBuildPhase section */
		6B24281529A31DF5003EFB48 /* Resources */ = {
			isa = PBXResourcesBuildPhase;
			buildActionMask = 2147483647;
			files = (
				6B24283229A346E4003EFB48 /* NanumGothic-ExtraBold.ttf in Resources */,
				6B75FC2F29BF783100090B76 /* Lato-Bold.ttf in Resources */,
				6BF2951429BCD1B7008097F0 /* MeriendaOne-Regular.ttf in Resources */,
				6B24283329A346E4003EFB48 /* NanumGothic-Regular.ttf in Resources */,
				6B24282729A31DF7003EFB48 /* LaunchScreen.storyboard in Resources */,
				6B24282429A31DF7003EFB48 /* Assets.xcassets in Resources */,
				6B24282229A31DF5003EFB48 /* Main.storyboard in Resources */,
				6B24283429A346E4003EFB48 /* NanumGothic-Bold.ttf in Resources */,
				6B60F5A82A7091D6007FAFEF /* CommentReplyCell.xib in Resources */,
				6B60F5A42A7091AE007FAFEF /* CommentCell.xib in Resources */,
				6B24283629A4B9FC003EFB48 /* LilitaOne-Regular.ttf in Resources */,
				6B75FC2D29BF737D00090B76 /* BoardCell.xib in Resources */,
			);
			runOnlyForDeploymentPostprocessing = 0;
		};
/* End PBXResourcesBuildPhase section */

/* Begin PBXShellScriptBuildPhase section */
		12FDD13576F2619043E3AE5E /* [CP] Embed Pods Frameworks */ = {
			isa = PBXShellScriptBuildPhase;
			buildActionMask = 2147483647;
			files = (
			);
			inputFileListPaths = (
				"${PODS_ROOT}/Target Support Files/Pods-Second2chool/Pods-Second2chool-frameworks-${CONFIGURATION}-input-files.xcfilelist",
			);
			name = "[CP] Embed Pods Frameworks";
			outputFileListPaths = (
				"${PODS_ROOT}/Target Support Files/Pods-Second2chool/Pods-Second2chool-frameworks-${CONFIGURATION}-output-files.xcfilelist",
			);
			runOnlyForDeploymentPostprocessing = 0;
			shellPath = /bin/sh;
			shellScript = "\"${PODS_ROOT}/Target Support Files/Pods-Second2chool/Pods-Second2chool-frameworks.sh\"\n";
			showEnvVarsInLog = 0;
		};
		A1FA50CC15DF63788460AA64 /* [CP] Check Pods Manifest.lock */ = {
			isa = PBXShellScriptBuildPhase;
			buildActionMask = 2147483647;
			files = (
			);
			inputFileListPaths = (
			);
			inputPaths = (
				"${PODS_PODFILE_DIR_PATH}/Podfile.lock",
				"${PODS_ROOT}/Manifest.lock",
			);
			name = "[CP] Check Pods Manifest.lock";
			outputFileListPaths = (
			);
			outputPaths = (
				"$(DERIVED_FILE_DIR)/Pods-Second2chool-checkManifestLockResult.txt",
			);
			runOnlyForDeploymentPostprocessing = 0;
			shellPath = /bin/sh;
			shellScript = "diff \"${PODS_PODFILE_DIR_PATH}/Podfile.lock\" \"${PODS_ROOT}/Manifest.lock\" > /dev/null\nif [ $? != 0 ] ; then\n    # print error to STDERR\n    echo \"error: The sandbox is not in sync with the Podfile.lock. Run 'pod install' or update your CocoaPods installation.\" >&2\n    exit 1\nfi\n# This output is used by Xcode 'outputs' to avoid re-running this script phase.\necho \"SUCCESS\" > \"${SCRIPT_OUTPUT_FILE_0}\"\n";
			showEnvVarsInLog = 0;
		};
/* End PBXShellScriptBuildPhase section */

/* Begin PBXSourcesBuildPhase section */
		6B24281329A31DF5003EFB48 /* Sources */ = {
			isa = PBXSourcesBuildPhase;
			buildActionMask = 2147483647;
			files = (
				6B60F5A32A7091AE007FAFEF /* CommentCell.swift in Sources */,
				6BD2B47929DCAC7200CFCB0A /* FreeBoardData.swift in Sources */,
				6B7D2B302ACDDE6500DA3670 /* ImagePresignedData.swift in Sources */,
				6B60F59D2A707685007FAFEF /* ImageManager.swift in Sources */,
				40CAF8AB2A00F7DB00B4252F /* SignUpTwoViewController.swift in Sources */,
				6B5E3C8E2A13F88A00E52E41 /* FreeBoardShowViewController.swift in Sources */,
				6B24281F29A31DF5003EFB48 /* ViewController.swift in Sources */,
				6B60F5A02A7079DC007FAFEF /* ImageData.swift in Sources */,
				6BC3E22829BF6EFF00228C5D /* FreeBoardViewController.swift in Sources */,
				6B60F5A72A7091D6007FAFEF /* CommentReplyCell.swift in Sources */,
				6B75FC3329BFA4C100090B76 /* PostViewController.swift in Sources */,
				403ADD602A02575200A7B53D /* HomeViewController.swift in Sources */,
				40CAF8AA2A00F7DB00B4252F /* SignUpOneViewController.swift in Sources */,
				6BC3E22A29BF70C000228C5D /* Message.swift in Sources */,
				6BB4FAE029FD0BC60044EAD2 /* LoginManager.swift in Sources */,
				40C524BE29DD575A00A1BE4F /* FreeBoardModel.swift in Sources */,
				6B24281B29A31DF5003EFB48 /* AppDelegate.swift in Sources */,
				6B75FC2C29BF737D00090B76 /* BoardCell.swift in Sources */,
				6BD2B47529DC870D00CFCB0A /* FreeBoardManager.swift in Sources */,
				6B24281D29A31DF5003EFB48 /* SceneDelegate.swift in Sources */,
				6BB4FADE29FD078A0044EAD2 /* LoginData.swift in Sources */,
			);
			runOnlyForDeploymentPostprocessing = 0;
		};
/* End PBXSourcesBuildPhase section */

/* Begin PBXVariantGroup section */
		6B24282029A31DF5003EFB48 /* Main.storyboard */ = {
			isa = PBXVariantGroup;
			children = (
				6B24282129A31DF5003EFB48 /* Base */,
			);
			name = Main.storyboard;
			sourceTree = "<group>";
		};
		6B24282529A31DF7003EFB48 /* LaunchScreen.storyboard */ = {
			isa = PBXVariantGroup;
			children = (
				6B24282629A31DF7003EFB48 /* Base */,
			);
			name = LaunchScreen.storyboard;
			sourceTree = "<group>";
		};
/* End PBXVariantGroup section */

/* Begin XCBuildConfiguration section */
		6B24282929A31DF7003EFB48 /* Debug */ = {
			isa = XCBuildConfiguration;
			buildSettings = {
				ALWAYS_SEARCH_USER_PATHS = NO;
				CLANG_ANALYZER_NONNULL = YES;
				CLANG_ANALYZER_NUMBER_OBJECT_CONVERSION = YES_AGGRESSIVE;
				CLANG_CXX_LANGUAGE_STANDARD = "gnu++20";
				CLANG_ENABLE_MODULES = YES;
				CLANG_ENABLE_OBJC_ARC = YES;
				CLANG_ENABLE_OBJC_WEAK = YES;
				CLANG_WARN_BLOCK_CAPTURE_AUTORELEASING = YES;
				CLANG_WARN_BOOL_CONVERSION = YES;
				CLANG_WARN_COMMA = YES;
				CLANG_WARN_CONSTANT_CONVERSION = YES;
				CLANG_WARN_DEPRECATED_OBJC_IMPLEMENTATIONS = YES;
				CLANG_WARN_DIRECT_OBJC_ISA_USAGE = YES_ERROR;
				CLANG_WARN_DOCUMENTATION_COMMENTS = YES;
				CLANG_WARN_EMPTY_BODY = YES;
				CLANG_WARN_ENUM_CONVERSION = YES;
				CLANG_WARN_INFINITE_RECURSION = YES;
				CLANG_WARN_INT_CONVERSION = YES;
				CLANG_WARN_NON_LITERAL_NULL_CONVERSION = YES;
				CLANG_WARN_OBJC_IMPLICIT_RETAIN_SELF = YES;
				CLANG_WARN_OBJC_LITERAL_CONVERSION = YES;
				CLANG_WARN_OBJC_ROOT_CLASS = YES_ERROR;
				CLANG_WARN_QUOTED_INCLUDE_IN_FRAMEWORK_HEADER = YES;
				CLANG_WARN_RANGE_LOOP_ANALYSIS = YES;
				CLANG_WARN_STRICT_PROTOTYPES = YES;
				CLANG_WARN_SUSPICIOUS_MOVE = YES;
				CLANG_WARN_UNGUARDED_AVAILABILITY = YES_AGGRESSIVE;
				CLANG_WARN_UNREACHABLE_CODE = YES;
				CLANG_WARN__DUPLICATE_METHOD_MATCH = YES;
				COPY_PHASE_STRIP = NO;
				DEBUG_INFORMATION_FORMAT = dwarf;
				ENABLE_STRICT_OBJC_MSGSEND = YES;
				ENABLE_TESTABILITY = YES;
				GCC_C_LANGUAGE_STANDARD = gnu11;
				GCC_DYNAMIC_NO_PIC = NO;
				GCC_NO_COMMON_BLOCKS = YES;
				GCC_OPTIMIZATION_LEVEL = 0;
				GCC_PREPROCESSOR_DEFINITIONS = (
					"DEBUG=1",
					"$(inherited)",
				);
				GCC_WARN_64_TO_32_BIT_CONVERSION = YES;
				GCC_WARN_ABOUT_RETURN_TYPE = YES_ERROR;
				GCC_WARN_UNDECLARED_SELECTOR = YES;
				GCC_WARN_UNINITIALIZED_AUTOS = YES_AGGRESSIVE;
				GCC_WARN_UNUSED_FUNCTION = YES;
				GCC_WARN_UNUSED_VARIABLE = YES;
				IPHONEOS_DEPLOYMENT_TARGET = 16.2;
				MTL_ENABLE_DEBUG_INFO = INCLUDE_SOURCE;
				MTL_FAST_MATH = YES;
				ONLY_ACTIVE_ARCH = YES;
				SDKROOT = iphoneos;
				SWIFT_ACTIVE_COMPILATION_CONDITIONS = DEBUG;
				SWIFT_OPTIMIZATION_LEVEL = "-Onone";
			};
			name = Debug;
		};
		6B24282A29A31DF7003EFB48 /* Release */ = {
			isa = XCBuildConfiguration;
			buildSettings = {
				ALWAYS_SEARCH_USER_PATHS = NO;
				CLANG_ANALYZER_NONNULL = YES;
				CLANG_ANALYZER_NUMBER_OBJECT_CONVERSION = YES_AGGRESSIVE;
				CLANG_CXX_LANGUAGE_STANDARD = "gnu++20";
				CLANG_ENABLE_MODULES = YES;
				CLANG_ENABLE_OBJC_ARC = YES;
				CLANG_ENABLE_OBJC_WEAK = YES;
				CLANG_WARN_BLOCK_CAPTURE_AUTORELEASING = YES;
				CLANG_WARN_BOOL_CONVERSION = YES;
				CLANG_WARN_COMMA = YES;
				CLANG_WARN_CONSTANT_CONVERSION = YES;
				CLANG_WARN_DEPRECATED_OBJC_IMPLEMENTATIONS = YES;
				CLANG_WARN_DIRECT_OBJC_ISA_USAGE = YES_ERROR;
				CLANG_WARN_DOCUMENTATION_COMMENTS = YES;
				CLANG_WARN_EMPTY_BODY = YES;
				CLANG_WARN_ENUM_CONVERSION = YES;
				CLANG_WARN_INFINITE_RECURSION = YES;
				CLANG_WARN_INT_CONVERSION = YES;
				CLANG_WARN_NON_LITERAL_NULL_CONVERSION = YES;
				CLANG_WARN_OBJC_IMPLICIT_RETAIN_SELF = YES;
				CLANG_WARN_OBJC_LITERAL_CONVERSION = YES;
				CLANG_WARN_OBJC_ROOT_CLASS = YES_ERROR;
				CLANG_WARN_QUOTED_INCLUDE_IN_FRAMEWORK_HEADER = YES;
				CLANG_WARN_RANGE_LOOP_ANALYSIS = YES;
				CLANG_WARN_STRICT_PROTOTYPES = YES;
				CLANG_WARN_SUSPICIOUS_MOVE = YES;
				CLANG_WARN_UNGUARDED_AVAILABILITY = YES_AGGRESSIVE;
				CLANG_WARN_UNREACHABLE_CODE = YES;
				CLANG_WARN__DUPLICATE_METHOD_MATCH = YES;
				COPY_PHASE_STRIP = NO;
				DEBUG_INFORMATION_FORMAT = "dwarf-with-dsym";
				ENABLE_NS_ASSERTIONS = NO;
				ENABLE_STRICT_OBJC_MSGSEND = YES;
				GCC_C_LANGUAGE_STANDARD = gnu11;
				GCC_NO_COMMON_BLOCKS = YES;
				GCC_WARN_64_TO_32_BIT_CONVERSION = YES;
				GCC_WARN_ABOUT_RETURN_TYPE = YES_ERROR;
				GCC_WARN_UNDECLARED_SELECTOR = YES;
				GCC_WARN_UNINITIALIZED_AUTOS = YES_AGGRESSIVE;
				GCC_WARN_UNUSED_FUNCTION = YES;
				GCC_WARN_UNUSED_VARIABLE = YES;
				IPHONEOS_DEPLOYMENT_TARGET = 16.2;
				MTL_ENABLE_DEBUG_INFO = NO;
				MTL_FAST_MATH = YES;
				SDKROOT = iphoneos;
				SWIFT_COMPILATION_MODE = wholemodule;
				SWIFT_OPTIMIZATION_LEVEL = "-O";
				VALIDATE_PRODUCT = YES;
			};
			name = Release;
		};
		6B24282C29A31DF7003EFB48 /* Debug */ = {
			isa = XCBuildConfiguration;
			baseConfigurationReference = 626FC5C2EEABD015D95D2849 /* Pods-Second2chool.debug.xcconfig */;
			buildSettings = {
				ASSETCATALOG_COMPILER_APPICON_NAME = AppIcon;
				ASSETCATALOG_COMPILER_GLOBAL_ACCENT_COLOR_NAME = AccentColor;
				CODE_SIGN_STYLE = Automatic;
				CURRENT_PROJECT_VERSION = 1;
				DEVELOPMENT_TEAM = 852476CB8S;
				GENERATE_INFOPLIST_FILE = YES;
				INFOPLIST_FILE = Second2chool/Info.plist;
				INFOPLIST_KEY_CFBundleDisplayName = SogangBoard;
				INFOPLIST_KEY_NSPhotoLibraryUsageDescription = "Upload the images PLEASE!";
				INFOPLIST_KEY_UIApplicationSupportsIndirectInputEvents = YES;
				INFOPLIST_KEY_UILaunchStoryboardName = LaunchScreen;
				INFOPLIST_KEY_UIMainStoryboardFile = Main;
				INFOPLIST_KEY_UISupportedInterfaceOrientations_iPad = "UIInterfaceOrientationPortrait UIInterfaceOrientationPortraitUpsideDown UIInterfaceOrientationLandscapeLeft UIInterfaceOrientationLandscapeRight";
				INFOPLIST_KEY_UISupportedInterfaceOrientations_iPhone = "UIInterfaceOrientationPortrait UIInterfaceOrientationLandscapeLeft UIInterfaceOrientationLandscapeRight";
				LD_RUNPATH_SEARCH_PATHS = (
					"$(inherited)",
					"@executable_path/Frameworks",
				);
				MARKETING_VERSION = 1.0;
				PRODUCT_BUNDLE_IDENTIFIER = "com.Lee-Yeonjae.SogangBoard";
				PRODUCT_NAME = "$(TARGET_NAME)";
				SWIFT_EMIT_LOC_STRINGS = YES;
				SWIFT_VERSION = 5.0;
				TARGETED_DEVICE_FAMILY = "1,2";
			};
			name = Debug;
		};
		6B24282D29A31DF7003EFB48 /* Release */ = {
			isa = XCBuildConfiguration;
			baseConfigurationReference = 54D6015C180750BAA238FAAA /* Pods-Second2chool.release.xcconfig */;
			buildSettings = {
				ASSETCATALOG_COMPILER_APPICON_NAME = AppIcon;
				ASSETCATALOG_COMPILER_GLOBAL_ACCENT_COLOR_NAME = AccentColor;
				CODE_SIGN_STYLE = Automatic;
				CURRENT_PROJECT_VERSION = 1;
				DEVELOPMENT_TEAM = 852476CB8S;
				GENERATE_INFOPLIST_FILE = YES;
				INFOPLIST_FILE = Second2chool/Info.plist;
				INFOPLIST_KEY_CFBundleDisplayName = SogangBoard;
				INFOPLIST_KEY_NSPhotoLibraryUsageDescription = "Upload the images PLEASE!";
				INFOPLIST_KEY_UIApplicationSupportsIndirectInputEvents = YES;
				INFOPLIST_KEY_UILaunchStoryboardName = LaunchScreen;
				INFOPLIST_KEY_UIMainStoryboardFile = Main;
				INFOPLIST_KEY_UISupportedInterfaceOrientations_iPad = "UIInterfaceOrientationPortrait UIInterfaceOrientationPortraitUpsideDown UIInterfaceOrientationLandscapeLeft UIInterfaceOrientationLandscapeRight";
				INFOPLIST_KEY_UISupportedInterfaceOrientations_iPhone = "UIInterfaceOrientationPortrait UIInterfaceOrientationLandscapeLeft UIInterfaceOrientationLandscapeRight";
				LD_RUNPATH_SEARCH_PATHS = (
					"$(inherited)",
					"@executable_path/Frameworks",
				);
				MARKETING_VERSION = 1.0;
				PRODUCT_BUNDLE_IDENTIFIER = "com.Lee-Yeonjae.SogangBoard";
				PRODUCT_NAME = "$(TARGET_NAME)";
				SWIFT_EMIT_LOC_STRINGS = YES;
				SWIFT_VERSION = 5.0;
				TARGETED_DEVICE_FAMILY = "1,2";
			};
			name = Release;
		};
/* End XCBuildConfiguration section */

/* Begin XCConfigurationList section */
		6B24281229A31DF5003EFB48 /* Build configuration list for PBXProject "Second2chool" */ = {
			isa = XCConfigurationList;
			buildConfigurations = (
				6B24282929A31DF7003EFB48 /* Debug */,
				6B24282A29A31DF7003EFB48 /* Release */,
			);
			defaultConfigurationIsVisible = 0;
			defaultConfigurationName = Release;
		};
		6B24282B29A31DF7003EFB48 /* Build configuration list for PBXNativeTarget "Second2chool" */ = {
			isa = XCConfigurationList;
			buildConfigurations = (
				6B24282C29A31DF7003EFB48 /* Debug */,
				6B24282D29A31DF7003EFB48 /* Release */,
			);
			defaultConfigurationIsVisible = 0;
			defaultConfigurationName = Release;
		};
/* End XCConfigurationList section */
	};
	rootObject = 6B24280F29A31DF5003EFB48 /* Project object */;
}
